{
    "_readme": [
        "This file locks the dependencies of your project to a known state",
        "Read more about it at https://getcomposer.org/doc/01-basic-usage.md#composer-lock-the-lock-file",
        "This file is @generated automatically"
    ],
    "content-hash": "b56a142d9a80f04156328a8e152c54eb",
    "packages": [
        {
            "name": "ehime/hello-world",
            "version": "1.0.0",
            "source": {
                "type": "git",
                "url": "https://github.com/ehime/hello-world.git",
                "reference": "adfe440ba09375fb762270cb7f8d7249de6bdf4a"
            },
            "dist": {
                "type": "zip",
                "url": "https://api.github.com/repos/ehime/hello-world/zipball/adfe440ba09375fb762270cb7f8d7249de6bdf4a",
                "reference": "adfe440ba09375fb762270cb7f8d7249de6bdf4a",
                "shasum": ""
            },
            "require": {
                "php": ">=5.3.0"
            },
            "type": "library",
            "autoload": {
                "psr-0": {
                    "HelloWorld": "src/"
                }
            },
            "notification-url": "https://packagist.org/downloads/",
            "authors": [
                {
                    "name": "ehime || Jd Daniel",
                    "email": "dodomeki@gmail.com"
                }
            ],
            "description": "My first Composer project",
            "time": "2015-07-29T16:24:08+00:00"
        }
    ],
    "packages-dev": [],
    "aliases": [],
    "minimum-stability": "stable",
    "stability-flags": [],
    "prefer-stable": false,
    "prefer-lowest": false,
    "platform": [],
    "platform-dev": []
}
